// !$*UTF8*$!
{
	archiveVersion = 1;
	classes = {
	};
	objectVersion = 46;
	objects = {

/* Begin PBXBuildFile section */
		C021AE381D8E8ED700BE3B56 /* AppDelegate.swift in Sources */ = {isa = PBXBuildFile; fileRef = C021AE371D8E8ED700BE3B56 /* AppDelegate.swift */; };
		C021AE3A1D8E8ED700BE3B56 /* ViewController.swift in Sources */ = {isa = PBXBuildFile; fileRef = C021AE391D8E8ED700BE3B56 /* ViewController.swift */; };
		C021AE3D1D8E8ED700BE3B56 /* Main.storyboard in Resources */ = {isa = PBXBuildFile; fileRef = C021AE3B1D8E8ED700BE3B56 /* Main.storyboard */; };
		C021AE3F1D8E8ED700BE3B56 /* Assets.xcassets in Resources */ = {isa = PBXBuildFile; fileRef = C021AE3E1D8E8ED700BE3B56 /* Assets.xcassets */; };
		C021AE421D8E8ED700BE3B56 /* LaunchScreen.storyboard in Resources */ = {isa = PBXBuildFile; fileRef = C021AE401D8E8ED700BE3B56 /* LaunchScreen.storyboard */; };
		C021AE4A1D8E8EF600BE3B56 /* PCustomTableView.swift in Sources */ = {isa = PBXBuildFile; fileRef = C021AE491D8E8EF600BE3B56 /* PCustomTableView.swift */; };
/* End PBXBuildFile section */

/* Begin PBXFileReference section */
		C021AE341D8E8ED700BE3B56 /* PCustomTableView.app */ = {isa = PBXFileReference; explicitFileType = wrapper.application; includeInIndex = 0; path = PCustomTableView.app; sourceTree = BUILT_PRODUCTS_DIR; };
		C021AE371D8E8ED700BE3B56 /* AppDelegate.swift */ = {isa = PBXFileReference; lastKnownFileType = sourcecode.swift; path = AppDelegate.swift; sourceTree = "<group>"; };
		C021AE391D8E8ED700BE3B56 /* ViewController.swift */ = {isa = PBXFileReference; lastKnownFileType = sourcecode.swift; path = ViewController.swift; sourceTree = "<group>"; };
		C021AE3C1D8E8ED700BE3B56 /* Base */ = {isa = PBXFileReference; lastKnownFileType = file.storyboard; name = Base; path = Base.lproj/Main.storyboard; sourceTree = "<group>"; };
		C021AE3E1D8E8ED700BE3B56 /* Assets.xcassets */ = {isa = PBXFileReference; lastKnownFileType = folder.assetcatalog; path = Assets.xcassets; sourceTree = "<group>"; };
		C021AE411D8E8ED700BE3B56 /* Base */ = {isa = PBXFileReference; lastKnownFileType = file.storyboard; name = Base; path = Base.lproj/LaunchScreen.storyboard; sourceTree = "<group>"; };
		C021AE431D8E8ED700BE3B56 /* Info.plist */ = {isa = PBXFileReference; lastKnownFileType = text.plist.xml; path = Info.plist; sourceTree = "<group>"; };
		C021AE491D8E8EF600BE3B56 /* PCustomTableView.swift */ = {isa = PBXFileReference; fileEncoding = 4; lastKnownFileType = sourcecode.swift; path = PCustomTableView.swift; sourceTree = "<group>"; };
/* End PBXFileReference section */

/* Begin PBXFrameworksBuildPhase section */
		C021AE311D8E8ED700BE3B56 /* Frameworks */ = {
			isa = PBXFrameworksBuildPhase;
			buildActionMask = 2147483647;
			files = (
			);
			runOnlyForDeploymentPostprocessing = 0;
		};
/* End PBXFrameworksBuildPhase section */

/* Begin PBXGroup section */
		C021AE2B1D8E8ED700BE3B56 = {
			isa = PBXGroup;
			children = (
				C021AE361D8E8ED700BE3B56 /* PCustomTableView */,
				C021AE351D8E8ED700BE3B56 /* Products */,
			);
			sourceTree = "<group>";
		};
		C021AE351D8E8ED700BE3B56 /* Products */ = {
			isa = PBXGroup;
			children = (
				C021AE341D8E8ED700BE3B56 /* PCustomTableView.app */,
			);
			name = Products;
			sourceTree = "<group>";
		};
		C021AE361D8E8ED700BE3B56 /* PCustomTableView */ = {
			isa = PBXGroup;
			children = (
				C021AE371D8E8ED700BE3B56 /* AppDelegate.swift */,
				C021AE391D8E8ED700BE3B56 /* ViewController.swift */,
				C021AE3B1D8E8ED700BE3B56 /* Main.storyboard */,
				C021AE3E1D8E8ED700BE3B56 /* Assets.xcassets */,
				C021AE401D8E8ED700BE3B56 /* LaunchScreen.storyboard */,
				C021AE431D8E8ED700BE3B56 /* Info.plist */,
				C021AE491D8E8EF600BE3B56 /* PCustomTableView.swift */,
			);
			path = PCustomTableView;
			sourceTree = "<group>";
		};
/* End PBXGroup section */

/* Begin PBXNativeTarget section */
		C021AE331D8E8ED700BE3B56 /* PCustomTableView */ = {
			isa = PBXNativeTarget;
			buildConfigurationList = C021AE461D8E8ED700BE3B56 /* Build configuration list for PBXNativeTarget "PCustomTableView" */;
			buildPhases = (
				C021AE301D8E8ED700BE3B56 /* Sources */,
				C021AE311D8E8ED700BE3B56 /* Frameworks */,
				C021AE321D8E8ED700BE3B56 /* Resources */,
			);
			buildRules = (
			);
			dependencies = (
			);
			name = PCustomTableView;
			productName = PCustomTableView;
			productReference = C021AE341D8E8ED700BE3B56 /* PCustomTableView.app */;
			productType = "com.apple.product-type.application";
		};
/* End PBXNativeTarget section */

/* Begin PBXProject section */
		C021AE2C1D8E8ED700BE3B56 /* Project object */ = {
			isa = PBXProject;
			attributes = {
				LastSwiftUpdateCheck = 0800;
				LastUpgradeCheck = 0800;
				ORGANIZATIONNAME = "邓杰豪";
				TargetAttributes = {
					C021AE331D8E8ED700BE3B56 = {
						CreatedOnToolsVersion = 8.0;
						DevelopmentTeam = 4J78PPRJ42;
						ProvisioningStyle = Automatic;
					};
				};
			};
			buildConfigurationList = C021AE2F1D8E8ED700BE3B56 /* Build configuration list for PBXProject "PCustomTableView" */;
			compatibilityVersion = "Xcode 3.2";
			developmentRegion = English;
			hasScannedForEncodings = 0;
			knownRegions = (
				en,
				Base,
			);
			mainGroup = C021AE2B1D8E8ED700BE3B56;
			productRefGroup = C021AE351D8E8ED700BE3B56 /* Products */;
			projectDirPath = "";
			projectRoot = "";
			targets = (
				C021AE331D8E8ED700BE3B56 /* PCustomTableView */,
			);
		};
/* End PBXProject section */

/* Begin PBXResourcesBuildPhase section */
		C021AE321D8E8ED700BE3B56 /* Resources */ = {
			isa = PBXResourcesBuildPhase;
			buildActionMask = 2147483647;
			files = (
				C021AE421D8E8ED700BE3B56 /* LaunchScreen.storyboard in Resources */,
				C021AE3F1D8E8ED700BE3B56 /* Assets.xcassets in Resources */,
				C021AE3D1D8E8ED700BE3B56 /* Main.storyboard in Resources */,
			);
			runOnlyForDeploymentPostprocessing = 0;
		};
/* End PBXResourcesBuildPhase section */

/* Begin PBXSourcesBuildPhase section */
		C021AE301D8E8ED700BE3B56 /* Sources */ = {
			isa = PBXSourcesBuildPhase;
			buildActionMask = 2147483647;
			files = (
				C021AE3A1D8E8ED700BE3B56 /* ViewController.swift in Sources */,
				C021AE4A1D8E8EF600BE3B56 /* PCustomTableView.swift in Sources */,
				C021AE381D8E8ED700BE3B56 /* AppDelegate.swift in Sources */,
			);
			runOnlyForDeploymentPostprocessing = 0;
		};
/* End PBXSourcesBuildPhase section */

/* Begin PBXVariantGroup section */
		C021AE3B1D8E8ED700BE3B56 /* Main.storyboard */ = {
			isa = PBXVariantGroup;
			children = (
				C021AE3C1D8E8ED700BE3B56 /* Base */,
			);
			name = Main.storyboard;
			sourceTree = "<group>";
		};
		C021AE401D8E8ED700BE3B56 /* LaunchScreen.storyboard */ = {
			isa = PBXVariantGroup;
			children = (
				C021AE411D8E8ED700BE3B56 /* Base */,
			);
			name = LaunchScreen.storyboard;
			sourceTree = "<group>";
		};
/* End PBXVariantGroup section */

/* Begin XCBuildConfiguration section */
		C021AE441D8E8ED700BE3B56 /* Debug */ = {
			isa = XCBuildConfiguration;
			buildSettings = {
				ALWAYS_SEARCH_USER_PATHS = NO;
				CLANG_ANALYZER_NONNULL = YES;
				CLANG_CXX_LANGUAGE_STANDARD = "gnu++0x";
				CLANG_CXX_LIBRARY = "libc++";
				CLANG_ENABLE_MODULES = YES;
				CLANG_ENABLE_OBJC_ARC = YES;
				CLANG_WARN_BOOL_CONVERSION = YES;
				CLANG_WARN_CONSTANT_CONVERSION = YES;
				CLANG_WARN_DIRECT_OBJC_ISA_USAGE = YES_ERROR;
				CLANG_WARN_DOCUMENTATION_COMMENTS = YES;
				CLANG_WARN_EMPTY_BODY = YES;
				CLANG_WARN_ENUM_CONVERSION = YES;
				CLANG_WARN_INFINITE_RECURSION = YES;
				CLANG_WARN_INT_CONVERSION = YES;
				CLANG_WARN_OBJC_ROOT_CLASS = YES_ERROR;
				CLANG_WARN_SUSPICIOUS_MOVES = YES;
				CLANG_WARN_UNREACHABLE_CODE = YES;
				CLANG_WARN__DUPLICATE_METHOD_MATCH = YES;
				"CODE_SIGN_IDENTITY[sdk=iphoneos*]" = "iPhone Developer";
				COPY_PHASE_STRIP = NO;
				DEBUG_INFORMATION_FORMAT = dwarf;
				ENABLE_STRICT_OBJC_MSGSEND = YES;
				ENABLE_TESTABILITY = YES;
				GCC_C_LANGUAGE_STANDARD = gnu99;
				GCC_DYNAMIC_NO_PIC = NO;
				GCC_NO_COMMON_BLOCKS = YES;
				GCC_OPTIMIZATION_LEVEL = 0;
				GCC_PREPROCESSOR_DEFINITIONS = (
					"DEBUG=1",
					"$(inherited)",
				);
				GCC_WARN_64_TO_32_BIT_CONVERSION = YES;
				GCC_WARN_ABOUT_RETURN_TYPE = YES_ERROR;
				GCC_WARN_UNDECLARED_SELECTOR = YES;
				GCC_WARN_UNINITIALIZED_AUTOS = YES_AGGRESSIVE;
				GCC_WARN_UNUSED_FUNCTION = YES;
				GCC_WARN_UNUSED_VARIABLE = YES;
				IPHONEOS_DEPLOYMENT_TARGET = 10.0;
				MTL_ENABLE_DEBUG_INFO = YES;
				ONLY_ACTIVE_ARCH = YES;
				SDKROOT = iphoneos;
				SWIFT_ACTIVE_COMPILATION_CONDITIONS = DEBUG;
				SWIFT_OPTIMIZATION_LEVEL = "-Onone";
				TARGETED_DEVICE_FAMILY = "1,2";
			};
			name = Debug;
		};
		C021AE451D8E8ED700BE3B56 /* Release */ = {
			isa = XCBuildConfiguration;
			buildSettings = {
				ALWAYS_SEARCH_USER_PATHS = NO;
				CLANG_ANALYZER_NONNULL = YES;
				CLANG_CXX_LANGUAGE_STANDARD = "gnu++0x";
				CLANG_CXX_LIBRARY = "libc++";
				CLANG_ENABLE_MODULES = YES;
				CLANG_ENABLE_OBJC_ARC = YES;
				CLANG_WARN_BOOL_CONVERSION = YES;
				CLANG_WARN_CONSTANT_CONVERSION = YES;
				CLANG_WARN_DIRECT_OBJC_ISA_USAGE = YES_ERROR;
				CLANG_WARN_DOCUMENTATION_COMMENTS = YES;
				CLANG_WARN_EMPTY_BODY = YES;
				CLANG_WARN_ENUM_CONVERSION = YES;
				CLANG_WARN_INFINITE_RECURSION = YES;
				CLANG_WARN_INT_CONVERSION = YES;
				CLANG_WARN_OBJC_ROOT_CLASS = YES_ERROR;
				CLANG_WARN_SUSPICIOUS_MOVES = YES;
				CLANG_WARN_UNREACHABLE_CODE = YES;
				CLANG_WARN__DUPLICATE_METHOD_MATCH = YES;
				"CODE_SIGN_IDENTITY[sdk=iphoneos*]" = "iPhone Developer";
				COPY_PHASE_STRIP = NO;
				DEBUG_INFORMATION_FORMAT = "dwarf-with-dsym";
				ENABLE_NS_ASSERTIONS = NO;
				ENABLE_STRICT_OBJC_MSGSEND = YES;
				GCC_C_LANGUAGE_STANDARD = gnu99;
				GCC_NO_COMMON_BLOCKS = YES;
				GCC_WARN_64_TO_32_BIT_CONVERSION = YES;
				GCC_WARN_ABOUT_RETURN_TYPE = YES_ERROR;
				GCC_WARN_UNDECLARED_SELECTOR = YES;
				GCC_WARN_UNINITIALIZED_AUTOS = YES_AGGRESSIVE;
				GCC_WARN_UNUSED_FUNCTION = YES;
				GCC_WARN_UNUSED_VARIABLE = YES;
				IPHONEOS_DEPLOYMENT_TARGET = 10.0;
				MTL_ENABLE_DEBUG_INFO = NO;
				SDKROOT = iphoneos;
				SWIFT_OPTIMIZATION_LEVEL = "-Owholemodule";
				TARGETED_DEVICE_FAMILY = "1,2";
				VALIDATE_PRODUCT = YES;
			};
			name = Release;
		};
		C021AE471D8E8ED700BE3B56 /* Debug */ = {
			isa = XCBuildConfiguration;
			buildSettings = {
				ASSETCATALOG_COMPILER_APPICON_NAME = AppIcon;
				DEVELOPMENT_TEAM = 4J78PPRJ42;
				INFOPLIST_FILE = PCustomTableView/Info.plist;
				LD_RUNPATH_SEARCH_PATHS = "$(inherited) @executable_path/Frameworks";
				PRODUCT_BUNDLE_IDENTIFIER = com.omcn.PCustomTableView;
				PRODUCT_NAME = "$(TARGET_NAME)";
				SWIFT_VERSION = 3.0;
			};
			name = Debug;
		};
		C021AE481D8E8ED700BE3B56 /* Release */ = {
			isa = XCBuildConfiguration;
			buildSettings = {
				ASSETCATALOG_COMPILER_APPICON_NAME = AppIcon;
				DEVELOPMENT_TEAM = 4J78PPRJ42;
				INFOPLIST_FILE = PCustomTableView/Info.plist;
				LD_RUNPATH_SEARCH_PATHS = "$(inherited) @executable_path/Frameworks";
				PRODUCT_BUNDLE_IDENTIFIER = com.omcn.PCustomTableView;
				PRODUCT_NAME = "$(TARGET_NAME)";
				SWIFT_VERSION = 3.0;
			};
			name = Release;
		};
/* End XCBuildConfiguration section */

/* Begin XCConfigurationList section */
		C021AE2F1D8E8ED700BE3B56 /* Build configuration list for PBXProject "PCustomTableView" */ = {
			isa = XCConfigurationList;
			buildConfigurations = (
				C021AE441D8E8ED700BE3B56 /* Debug */,
				C021AE451D8E8ED700BE3B56 /* Release */,
			);
			defaultConfigurationIsVisible = 0;
			defaultConfigurationName = Release;
		};
		C021AE461D8E8ED700BE3B56 /* Build configuration list for PBXNativeTarget "PCustomTableView" */ = {
			isa = XCConfigurationList;
			buildConfigurations = (
				C021AE471D8E8ED700BE3B56 /* Debug */,
				C021AE481D8E8ED700BE3B56 /* Release */,
			);
			defaultConfigurationIsVisible = 0;
		};
/* End XCConfigurationList section */
	};
	rootObject = C021AE2C1D8E8ED700BE3B56 /* Project object */;
}
